// !$*UTF8*$!
{
	archiveVersion = 1;
	classes = {
	};
	objectVersion = 77;
	objects = {

/* Begin PBXContainerItemProxy section */
		8AE5C44D2CAB919100048F82 /* PBXContainerItemProxy */ = {
			isa = PBXContainerItemProxy;
			containerPortal = 8AE5C4342CAB918F00048F82 /* Project object */;
			proxyType = 1;
			remoteGlobalIDString = 8AE5C43B2CAB918F00048F82;
			remoteInfo = WordPlay2;
		};
		8AE5C4572CAB919100048F82 /* PBXContainerItemProxy */ = {
			isa = PBXContainerItemProxy;
			containerPortal = 8AE5C4342CAB918F00048F82 /* Project object */;
			proxyType = 1;
			remoteGlobalIDString = 8AE5C43B2CAB918F00048F82;
			remoteInfo = WordPlay2;
		};
/* End PBXContainerItemProxy section */

/* Begin PBXFileReference section */
		8AE5C43C2CAB918F00048F82 /* WordPlay2.app */ = {isa = PBXFileReference; explicitFileType = wrapper.application; includeInIndex = 0; path = WordPlay2.app; sourceTree = BUILT_PRODUCTS_DIR; };
		8AE5C44C2CAB919100048F82 /* WordPlay2Tests.xctest */ = {isa = PBXFileReference; explicitFileType = wrapper.cfbundle; includeInIndex = 0; path = WordPlay2Tests.xctest; sourceTree = BUILT_PRODUCTS_DIR; };
		8AE5C4562CAB919100048F82 /* WordPlay2UITests.xctest */ = {isa = PBXFileReference; explicitFileType = wrapper.cfbundle; includeInIndex = 0; path = WordPlay2UITests.xctest; sourceTree = BUILT_PRODUCTS_DIR; };
/* End PBXFileReference section */

/* Begin PBXFileSystemSynchronizedRootGroup section */
		8AE5C43E2CAB918F00048F82 /* WordPlay2 */ = {
			isa = PBXFileSystemSynchronizedRootGroup;
			path = WordPlay2;
			sourceTree = "<group>";
		};
		8AE5C44F2CAB919100048F82 /* WordPlay2Tests */ = {
			isa = PBXFileSystemSynchronizedRootGroup;
			path = WordPlay2Tests;
			sourceTree = "<group>";
		};
		8AE5C4592CAB919100048F82 /* WordPlay2UITests */ = {
			isa = PBXFileSystemSynchronizedRootGroup;
			path = WordPlay2UITests;
			sourceTree = "<group>";
		};
/* End PBXFileSystemSynchronizedRootGroup section */

/* Begin PBXFrameworksBuildPhase section */
		8AE5C4392CAB918F00048F82 /* Frameworks */ = {
			isa = PBXFrameworksBuildPhase;
			buildActionMask = 2147483647;
			files = (
			);
			runOnlyForDeploymentPostprocessing = 0;
		};
		8AE5C4492CAB919100048F82 /* Frameworks */ = {
			isa = PBXFrameworksBuildPhase;
			buildActionMask = 2147483647;
			files = (
			);
			runOnlyForDeploymentPostprocessing = 0;
		};
		8AE5C4532CAB919100048F82 /* Frameworks */ = {
			isa = PBXFrameworksBuildPhase;
			buildActionMask = 2147483647;
			files = (
			);
			runOnlyForDeploymentPostprocessing = 0;
		};
/* End PBXFrameworksBuildPhase section */

/* Begin PBXGroup section */
		8AE5C4332CAB918F00048F82 = {
			isa = PBXGroup;
			children = (
				8AE5C43E2CAB918F00048F82 /* WordPlay2 */,
				8AE5C44F2CAB919100048F82 /* WordPlay2Tests */,
				8AE5C4592CAB919100048F82 /* WordPlay2UITests */,
				8AE5C43D2CAB918F00048F82 /* Products */,
			);
			sourceTree = "<group>";
		};
		8AE5C43D2CAB918F00048F82 /* Products */ = {
			isa = PBXGroup;
			children = (
				8AE5C43C2CAB918F00048F82 /* WordPlay2.app */,
				8AE5C44C2CAB919100048F82 /* WordPlay2Tests.xctest */,
				8AE5C4562CAB919100048F82 /* WordPlay2UITests.xctest */,
			);
			name = Products;
			sourceTree = "<group>";
		};
/* End PBXGroup section */

/* Begin PBXNativeTarget section */
		8AE5C43B2CAB918F00048F82 /* WordPlay2 */ = {
			isa = PBXNativeTarget;
			buildConfigurationList = 8AE5C4602CAB919100048F82 /* Build configuration list for PBXNativeTarget "WordPlay2" */;
			buildPhases = (
				8AE5C4382CAB918F00048F82 /* Sources */,
				8AE5C4392CAB918F00048F82 /* Frameworks */,
				8AE5C43A2CAB918F00048F82 /* Resources */,
			);
			buildRules = (
			);
			dependencies = (
			);
			fileSystemSynchronizedGroups = (
				8AE5C43E2CAB918F00048F82 /* WordPlay2 */,
			);
			name = WordPlay2;
			packageProductDependencies = (
			);
			productName = WordPlay2;
			productReference = 8AE5C43C2CAB918F00048F82 /* WordPlay2.app */;
			productType = "com.apple.product-type.application";
		};
		8AE5C44B2CAB919100048F82 /* WordPlay2Tests */ = {
			isa = PBXNativeTarget;
			buildConfigurationList = 8AE5C4632CAB919100048F82 /* Build configuration list for PBXNativeTarget "WordPlay2Tests" */;
			buildPhases = (
				8AE5C4482CAB919100048F82 /* Sources */,
				8AE5C4492CAB919100048F82 /* Frameworks */,
				8AE5C44A2CAB919100048F82 /* Resources */,
			);
			buildRules = (
			);
			dependencies = (
				8AE5C44E2CAB919100048F82 /* PBXTargetDependency */,
			);
			fileSystemSynchronizedGroups = (
				8AE5C44F2CAB919100048F82 /* WordPlay2Tests */,
			);
			name = WordPlay2Tests;
			packageProductDependencies = (
			);
			productName = WordPlay2Tests;
			productReference = 8AE5C44C2CAB919100048F82 /* WordPlay2Tests.xctest */;
			productType = "com.apple.product-type.bundle.unit-test";
		};
		8AE5C4552CAB919100048F82 /* WordPlay2UITests */ = {
			isa = PBXNativeTarget;
			buildConfigurationList = 8AE5C4662CAB919100048F82 /* Build configuration list for PBXNativeTarget "WordPlay2UITests" */;
			buildPhases = (
				8AE5C4522CAB919100048F82 /* Sources */,
				8AE5C4532CAB919100048F82 /* Frameworks */,
				8AE5C4542CAB919100048F82 /* Resources */,
			);
			buildRules = (
			);
			dependencies = (
				8AE5C4582CAB919100048F82 /* PBXTargetDependency */,
			);
			fileSystemSynchronizedGroups = (
				8AE5C4592CAB919100048F82 /* WordPlay2UITests */,
			);
			name = WordPlay2UITests;
			packageProductDependencies = (
			);
			productName = WordPlay2UITests;
			productReference = 8AE5C4562CAB919100048F82 /* WordPlay2UITests.xctest */;
			productType = "com.apple.product-type.bundle.ui-testing";
		};
/* End PBXNativeTarget section */

/* Begin PBXProject section */
		8AE5C4342CAB918F00048F82 /* Project object */ = {
			isa = PBXProject;
			attributes = {
				BuildIndependentTargetsInParallel = 1;
				LastSwiftUpdateCheck = 1600;
				LastUpgradeCheck = 1600;
				TargetAttributes = {
					8AE5C43B2CAB918F00048F82 = {
						CreatedOnToolsVersion = 16.0;
					};
					8AE5C44B2CAB919100048F82 = {
						CreatedOnToolsVersion = 16.0;
						TestTargetID = 8AE5C43B2CAB918F00048F82;
					};
					8AE5C4552CAB919100048F82 = {
						CreatedOnToolsVersion = 16.0;
						TestTargetID = 8AE5C43B2CAB918F00048F82;
					};
				};
			};
			buildConfigurationList = 8AE5C4372CAB918F00048F82 /* Build configuration list for PBXProject "WordPlay2" */;
			developmentRegion = en;
			hasScannedForEncodings = 0;
			knownRegions = (
				en,
				Base,
			);
			mainGroup = 8AE5C4332CAB918F00048F82;
			minimizedProjectReferenceProxies = 1;
			preferredProjectObjectVersion = 77;
			productRefGroup = 8AE5C43D2CAB918F00048F82 /* Products */;
			projectDirPath = "";
			projectRoot = "";
			targets = (
				8AE5C43B2CAB918F00048F82 /* WordPlay2 */,
				8AE5C44B2CAB919100048F82 /* WordPlay2Tests */,
				8AE5C4552CAB919100048F82 /* WordPlay2UITests */,
			);
		};
/* End PBXProject section */

/* Begin PBXResourcesBuildPhase section */
		8AE5C43A2CAB918F00048F82 /* Resources */ = {
			isa = PBXResourcesBuildPhase;
			buildActionMask = 2147483647;
			files = (
			);
			runOnlyForDeploymentPostprocessing = 0;
		};
		8AE5C44A2CAB919100048F82 /* Resources */ = {
			isa = PBXResourcesBuildPhase;
			buildActionMask = 2147483647;
			files = (
			);
			runOnlyForDeploymentPostprocessing = 0;
		};
		8AE5C4542CAB919100048F82 /* Resources */ = {
			isa = PBXResourcesBuildPhase;
			buildActionMask = 2147483647;
			files = (
			);
			runOnlyForDeploymentPostprocessing = 0;
		};
/* End PBXResourcesBuildPhase section */

/* Begin PBXSourcesBuildPhase section */
		8AE5C4382CAB918F00048F82 /* Sources */ = {
			isa = PBXSourcesBuildPhase;
			buildActionMask = 2147483647;
			files = (
			);
			runOnlyForDeploymentPostprocessing = 0;
		};
		8AE5C4482CAB919100048F82 /* Sources */ = {
			isa = PBXSourcesBuildPhase;
			buildActionMask = 2147483647;
			files = (
			);
			runOnlyForDeploymentPostprocessing = 0;
		};
		8AE5C4522CAB919100048F82 /* Sources */ = {
			isa = PBXSourcesBuildPhase;
			buildActionMask = 2147483647;
			files = (
			);
			runOnlyForDeploymentPostprocessing = 0;
		};
/* End PBXSourcesBuildPhase section */

/* Begin PBXTargetDependency section */
		8AE5C44E2CAB919100048F82 /* PBXTargetDependency */ = {
			isa = PBXTargetDependency;
			target = 8AE5C43B2CAB918F00048F82 /* WordPlay2 */;
			targetProxy = 8AE5C44D2CAB919100048F82 /* PBXContainerItemProxy */;
		};
		8AE5C4582CAB919100048F82 /* PBXTargetDependency */ = {
			isa = PBXTargetDependency;
			target = 8AE5C43B2CAB918F00048F82 /* WordPlay2 */;
			targetProxy = 8AE5C4572CAB919100048F82 /* PBXContainerItemProxy */;
		};
/* End PBXTargetDependency section */

/* Begin XCBuildConfiguration section */
		8AE5C45E2CAB919100048F82 /* Debug */ = {
			isa = XCBuildConfiguration;
			buildSettings = {
				ALWAYS_SEARCH_USER_PATHS = NO;
				ASSETCATALOG_COMPILER_GENERATE_SWIFT_ASSET_SYMBOL_EXTENSIONS = YES;
				CLANG_ANALYZER_NONNULL = YES;
				CLANG_ANALYZER_NUMBER_OBJECT_CONVERSION = YES_AGGRESSIVE;
				CLANG_CXX_LANGUAGE_STANDARD = "gnu++20";
				CLANG_ENABLE_MODULES = YES;
				CLANG_ENABLE_OBJC_ARC = YES;
				CLANG_ENABLE_OBJC_WEAK = YES;
				CLANG_WARN_BLOCK_CAPTURE_AUTORELEASING = YES;
				CLANG_WARN_BOOL_CONVERSION = YES;
				CLANG_WARN_COMMA = YES;
				CLANG_WARN_CONSTANT_CONVERSION = YES;
				CLANG_WARN_DEPRECATED_OBJC_IMPLEMENTATIONS = YES;
				CLANG_WARN_DIRECT_OBJC_ISA_USAGE = YES_ERROR;
				CLANG_WARN_DOCUMENTATION_COMMENTS = YES;
				CLANG_WARN_EMPTY_BODY = YES;
				CLANG_WARN_ENUM_CONVERSION = YES;
				CLANG_WARN_INFINITE_RECURSION = YES;
				CLANG_WARN_INT_CONVERSION = YES;
				CLANG_WARN_NON_LITERAL_NULL_CONVERSION = YES;
				CLANG_WARN_OBJC_IMPLICIT_RETAIN_SELF = YES;
				CLANG_WARN_OBJC_LITERAL_CONVERSION = YES;
				CLANG_WARN_OBJC_ROOT_CLASS = YES_ERROR;
				CLANG_WARN_QUOTED_INCLUDE_IN_FRAMEWORK_HEADER = YES;
				CLANG_WARN_RANGE_LOOP_ANALYSIS = YES;
				CLANG_WARN_STRICT_PROTOTYPES = YES;
				CLANG_WARN_SUSPICIOUS_MOVE = YES;
				CLANG_WARN_UNGUARDED_AVAILABILITY = YES_AGGRESSIVE;
				CLANG_WARN_UNREACHABLE_CODE = YES;
				CLANG_WARN__DUPLICATE_METHOD_MATCH = YES;
				COPY_PHASE_STRIP = NO;
				DEBUG_INFORMATION_FORMAT = dwarf;
				ENABLE_STRICT_OBJC_MSGSEND = YES;
				ENABLE_TESTABILITY = YES;
				ENABLE_USER_SCRIPT_SANDBOXING = YES;
				GCC_C_LANGUAGE_STANDARD = gnu17;
				GCC_DYNAMIC_NO_PIC = NO;
				GCC_NO_COMMON_BLOCKS = YES;
				GCC_OPTIMIZATION_LEVEL = 0;
				GCC_PREPROCESSOR_DEFINITIONS = (
					"DEBUG=1",
					"$(inherited)",
				);
				GCC_WARN_64_TO_32_BIT_CONVERSION = YES;
				GCC_WARN_ABOUT_RETURN_TYPE = YES_ERROR;
				GCC_WARN_UNDECLARED_SELECTOR = YES;
				GCC_WARN_UNINITIALIZED_AUTOS = YES_AGGRESSIVE;
				GCC_WARN_UNUSED_FUNCTION = YES;
				GCC_WARN_UNUSED_VARIABLE = YES;
				IPHONEOS_DEPLOYMENT_TARGET = 18.0;
				LOCALIZATION_PREFERS_STRING_CATALOGS = YES;
				MTL_ENABLE_DEBUG_INFO = INCLUDE_SOURCE;
				MTL_FAST_MATH = YES;
				ONLY_ACTIVE_ARCH = YES;
				SDKROOT = iphoneos;
				SWIFT_ACTIVE_COMPILATION_CONDITIONS = "DEBUG $(inherited)";
				SWIFT_OPTIMIZATION_LEVEL = "-Onone";
			};
			name = Debug;
		};
		8AE5C45F2CAB919100048F82 /* Release */ = {
			isa = XCBuildConfiguration;
			buildSettings = {
				ALWAYS_SEARCH_USER_PATHS = NO;
				ASSETCATALOG_COMPILER_GENERATE_SWIFT_ASSET_SYMBOL_EXTENSIONS = YES;
				CLANG_ANALYZER_NONNULL = YES;
				CLANG_ANALYZER_NUMBER_OBJECT_CONVERSION = YES_AGGRESSIVE;
				CLANG_CXX_LANGUAGE_STANDARD = "gnu++20";
				CLANG_ENABLE_MODULES = YES;
				CLANG_ENABLE_OBJC_ARC = YES;
				CLANG_ENABLE_OBJC_WEAK = YES;
				CLANG_WARN_BLOCK_CAPTURE_AUTORELEASING = YES;
				CLANG_WARN_BOOL_CONVERSION = YES;
				CLANG_WARN_COMMA = YES;
				CLANG_WARN_CONSTANT_CONVERSION = YES;
				CLANG_WARN_DEPRECATED_OBJC_IMPLEMENTATIONS = YES;
				CLANG_WARN_DIRECT_OBJC_ISA_USAGE = YES_ERROR;
				CLANG_WARN_DOCUMENTATION_COMMENTS = YES;
				CLANG_WARN_EMPTY_BODY = YES;
				CLANG_WARN_ENUM_CONVERSION = YES;
				CLANG_WARN_INFINITE_RECURSION = YES;
				CLANG_WARN_INT_CONVERSION = YES;
				CLANG_WARN_NON_LITERAL_NULL_CONVERSION = YES;
				CLANG_WARN_OBJC_IMPLICIT_RETAIN_SELF = YES;
				CLANG_WARN_OBJC_LITERAL_CONVERSION = YES;
				CLANG_WARN_OBJC_ROOT_CLASS = YES_ERROR;
				CLANG_WARN_QUOTED_INCLUDE_IN_FRAMEWORK_HEADER = YES;
				CLANG_WARN_RANGE_LOOP_ANALYSIS = YES;
				CLANG_WARN_STRICT_PROTOTYPES = YES;
				CLANG_WARN_SUSPICIOUS_MOVE = YES;
				CLANG_WARN_UNGUARDED_AVAILABILITY = YES_AGGRESSIVE;
				CLANG_WARN_UNREACHABLE_CODE = YES;
				CLANG_WARN__DUPLICATE_METHOD_MATCH = YES;
				COPY_PHASE_STRIP = NO;
				DEBUG_INFORMATION_FORMAT = "dwarf-with-dsym";
				ENABLE_NS_ASSERTIONS = NO;
				ENABLE_STRICT_OBJC_MSGSEND = YES;
				ENABLE_USER_SCRIPT_SANDBOXING = YES;
				GCC_C_LANGUAGE_STANDARD = gnu17;
				GCC_NO_COMMON_BLOCKS = YES;
				GCC_WARN_64_TO_32_BIT_CONVERSION = YES;
				GCC_WARN_ABOUT_RETURN_TYPE = YES_ERROR;
				GCC_WARN_UNDECLARED_SELECTOR = YES;
				GCC_WARN_UNINITIALIZED_AUTOS = YES_AGGRESSIVE;
				GCC_WARN_UNUSED_FUNCTION = YES;
				GCC_WARN_UNUSED_VARIABLE = YES;
				IPHONEOS_DEPLOYMENT_TARGET = 18.0;
				LOCALIZATION_PREFERS_STRING_CATALOGS = YES;
				MTL_ENABLE_DEBUG_INFO = NO;
				MTL_FAST_MATH = YES;
				SDKROOT = iphoneos;
				SWIFT_COMPILATION_MODE = wholemodule;
				VALIDATE_PRODUCT = YES;
			};
			name = Release;
		};
		8AE5C4612CAB919100048F82 /* Debug */ = {
			isa = XCBuildConfiguration;
			buildSettings = {
				ASSETCATALOG_COMPILER_APPICON_NAME = AppIcon;
				ASSETCATALOG_COMPILER_GLOBAL_ACCENT_COLOR_NAME = AccentColor;
				CODE_SIGN_STYLE = Automatic;
				CURRENT_PROJECT_VERSION = 1;
				DEVELOPMENT_ASSET_PATHS = "\"WordPlay2/Preview Content\"";
				DEVELOPMENT_TEAM = 7RH5F3CM26;
				ENABLE_PREVIEWS = YES;
				GENERATE_INFOPLIST_FILE = YES;
				INFOPLIST_KEY_UIApplicationSceneManifest_Generation = YES;
				INFOPLIST_KEY_UIApplicationSupportsIndirectInputEvents = YES;
				INFOPLIST_KEY_UILaunchScreen_Generation = YES;
				INFOPLIST_KEY_UISupportedInterfaceOrientations_iPad = "UIInterfaceOrientationPortrait UIInterfaceOrientationPortraitUpsideDown UIInterfaceOrientationLandscapeLeft UIInterfaceOrientationLandscapeRight";
				INFOPLIST_KEY_UISupportedInterfaceOrientations_iPhone = "UIInterfaceOrientationPortrait UIInterfaceOrientationLandscapeLeft UIInterfaceOrientationLandscapeRight";
				LD_RUNPATH_SEARCH_PATHS = (
					"$(inherited)",
					"@executable_path/Frameworks",
				);
				MARKETING_VERSION = 1.0;
				PRODUCT_BUNDLE_IDENTIFIER = MC.WordPlay2;
				PRODUCT_NAME = "$(TARGET_NAME)";
				SWIFT_EMIT_LOC_STRINGS = YES;
				SWIFT_VERSION = 5.0;
				TARGETED_DEVICE_FAMILY = "1,2";
			};
			name = Debug;
		};
		8AE5C4622CAB919100048F82 /* Release */ = {
			isa = XCBuildConfiguration;
			buildSettings = {
				ASSETCATALOG_COMPILER_APPICON_NAME = AppIcon;
				ASSETCATALOG_COMPILER_GLOBAL_ACCENT_COLOR_NAME = AccentColor;
				CODE_SIGN_STYLE = Automatic;
				CURRENT_PROJECT_VERSION = 1;
				DEVELOPMENT_ASSET_PATHS = "\"WordPlay2/Preview Content\"";
				DEVELOPMENT_TEAM = 7RH5F3CM26;
				ENABLE_PREVIEWS = YES;
				GENERATE_INFOPLIST_FILE = YES;
				INFOPLIST_KEY_UIApplicationSceneManifest_Generation = YES;
				INFOPLIST_KEY_UIApplicationSupportsIndirectInputEvents = YES;
				INFOPLIST_KEY_UILaunchScreen_Generation = YES;
				INFOPLIST_KEY_UISupportedInterfaceOrientations_iPad = "UIInterfaceOrientationPortrait UIInterfaceOrientationPortraitUpsideDown UIInterfaceOrientationLandscapeLeft UIInterfaceOrientationLandscapeRight";
				INFOPLIST_KEY_UISupportedInterfaceOrientations_iPhone = "UIInterfaceOrientationPortrait UIInterfaceOrientationLandscapeLeft UIInterfaceOrientationLandscapeRight";
				LD_RUNPATH_SEARCH_PATHS = (
					"$(inherited)",
					"@executable_path/Frameworks",
				);
				MARKETING_VERSION = 1.0;
				PRODUCT_BUNDLE_IDENTIFIER = MC.WordPlay2;
				PRODUCT_NAME = "$(TARGET_NAME)";
				SWIFT_EMIT_LOC_STRINGS = YES;
				SWIFT_VERSION = 5.0;
				TARGETED_DEVICE_FAMILY = "1,2";
			};
			name = Release;
		};
		8AE5C4642CAB919100048F82 /* Debug */ = {
			isa = XCBuildConfiguration;
			buildSettings = {
				BUNDLE_LOADER = "$(TEST_HOST)";
				CODE_SIGN_STYLE = Automatic;
				CURRENT_PROJECT_VERSION = 1;
				DEVELOPMENT_TEAM = 7RH5F3CM26;
				GENERATE_INFOPLIST_FILE = YES;
				IPHONEOS_DEPLOYMENT_TARGET = 18.0;
				MARKETING_VERSION = 1.0;
				PRODUCT_BUNDLE_IDENTIFIER = MC.WordPlay2Tests;
				PRODUCT_NAME = "$(TARGET_NAME)";
				SWIFT_EMIT_LOC_STRINGS = NO;
				SWIFT_VERSION = 5.0;
				TARGETED_DEVICE_FAMILY = "1,2";
				TEST_HOST = "$(BUILT_PRODUCTS_DIR)/WordPlay2.app/$(BUNDLE_EXECUTABLE_FOLDER_PATH)/WordPlay2";
			};
			name = Debug;
		};
		8AE5C4652CAB919100048F82 /* Release */ = {
			isa = XCBuildConfiguration;
			buildSettings = {
				BUNDLE_LOADER = "$(TEST_HOST)";
				CODE_SIGN_STYLE = Automatic;
				CURRENT_PROJECT_VERSION = 1;
				DEVELOPMENT_TEAM = 7RH5F3CM26;
				GENERATE_INFOPLIST_FILE = YES;
				IPHONEOS_DEPLOYMENT_TARGET = 18.0;
				MARKETING_VERSION = 1.0;
				PRODUCT_BUNDLE_IDENTIFIER = MC.WordPlay2Tests;
				PRODUCT_NAME = "$(TARGET_NAME)";
				SWIFT_EMIT_LOC_STRINGS = NO;
				SWIFT_VERSION = 5.0;
				TARGETED_DEVICE_FAMILY = "1,2";
				TEST_HOST = "$(BUILT_PRODUCTS_DIR)/WordPlay2.app/$(BUNDLE_EXECUTABLE_FOLDER_PATH)/WordPlay2";
			};
			name = Release;
		};
		8AE5C4672CAB919100048F82 /* Debug */ = {
			isa = XCBuildConfiguration;
			buildSettings = {
				CODE_SIGN_STYLE = Automatic;
				CURRENT_PROJECT_VERSION = 1;
				DEVELOPMENT_TEAM = 7RH5F3CM26;
				GENERATE_INFOPLIST_FILE = YES;
				MARKETING_VERSION = 1.0;
				PRODUCT_BUNDLE_IDENTIFIER = MC.WordPlay2UITests;
				PRODUCT_NAME = "$(TARGET_NAME)";
				SWIFT_EMIT_LOC_STRINGS = NO;
				SWIFT_VERSION = 5.0;
				TARGETED_DEVICE_FAMILY = "1,2";
				TEST_TARGET_NAME = WordPlay2;
			};
			name = Debug;
		};
		8AE5C4682CAB919100048F82 /* Release */ = {
			isa = XCBuildConfiguration;
			buildSettings = {
				CODE_SIGN_STYLE = Automatic;
				CURRENT_PROJECT_VERSION = 1;
				DEVELOPMENT_TEAM = 7RH5F3CM26;
				GENERATE_INFOPLIST_FILE = YES;
				MARKETING_VERSION = 1.0;
				PRODUCT_BUNDLE_IDENTIFIER = MC.WordPlay2UITests;
				PRODUCT_NAME = "$(TARGET_NAME)";
				SWIFT_EMIT_LOC_STRINGS = NO;
				SWIFT_VERSION = 5.0;
				TARGETED_DEVICE_FAMILY = "1,2";
				TEST_TARGET_NAME = WordPlay2;
			};
			name = Release;
		};
/* End XCBuildConfiguration section */

/* Begin XCConfigurationList section */
		8AE5C4372CAB918F00048F82 /* Build configuration list for PBXProject "WordPlay2" */ = {
			isa = XCConfigurationList;
			buildConfigurations = (
				8AE5C45E2CAB919100048F82 /* Debug */,
				8AE5C45F2CAB919100048F82 /* Release */,
			);
			defaultConfigurationIsVisible = 0;
			defaultConfigurationName = Release;
		};
		8AE5C4602CAB919100048F82 /* Build configuration list for PBXNativeTarget "WordPlay2" */ = {
			isa = XCConfigurationList;
			buildConfigurations = (
				8AE5C4612CAB919100048F82 /* Debug */,
				8AE5C4622CAB919100048F82 /* Release */,
			);
			defaultConfigurationIsVisible = 0;
			defaultConfigurationName = Release;
		};
		8AE5C4632CAB919100048F82 /* Build configuration list for PBXNativeTarget "WordPlay2Tests" */ = {
			isa = XCConfigurationList;
			buildConfigurations = (
				8AE5C4642CAB919100048F82 /* Debug */,
				8AE5C4652CAB919100048F82 /* Release */,
			);
			defaultConfigurationIsVisible = 0;
			defaultConfigurationName = Release;
		};
		8AE5C4662CAB919100048F82 /* Build configuration list for PBXNativeTarget "WordPlay2UITests" */ = {
			isa = XCConfigurationList;
			buildConfigurations = (
				8AE5C4672CAB919100048F82 /* Debug */,
				8AE5C4682CAB919100048F82 /* Release */,
			);
			defaultConfigurationIsVisible = 0;
			defaultConfigurationName = Release;
		};
/* End XCConfigurationList section */
	};
	rootObject = 8AE5C4342CAB918F00048F82 /* Project object */;
}
